
Microsoft Visual Studio Solution File, Format Version 12.00
# Visual Studio 15
VisualStudioVersion = 15.0.28307.757
MinimumVisualStudioVersion = 10.0.40219.1
Project("{9A19103F-16F7-4668-BE54-9A1E7A4F7556}") = "APITester.core", "APITester.core\APITester.core.csproj", "{1AE37BE3-AA4A-4F69-A620-33A22E977A2A}"
EndProject
Project("{FAE04EC0-301F-11D3-BF4B-00C04F79EFBC}") = "APITester.Framework", "APITester.Framework\APITester.Framework.csproj", "{28E49955-3BAB-48B7-B3E3-6833E27BB57C}"
EndProject
Global
	GlobalSection(SolutionConfigurationPlatforms) = preSolution
		Debug|Any CPU = Debug|Any CPU
		Release|Any CPU = Release|Any CPU
	EndGlobalSection
	GlobalSection(ProjectConfigurationPlatforms) = postSolution
		{1AE37BE3-AA4A-4F69-A620-33A22E977A2A}.Debug|Any CPU.ActiveCfg = Debug|Any CPU
		{1AE37BE3-AA4A-4F69-A620-33A22E977A2A}.Debug|Any CPU.Build.0 = Debug|Any CPU
		{1AE37BE3-AA4A-4F69-A620-33A22E977A2A}.Release|Any CPU.ActiveCfg = Release|Any CPU
		{1AE37BE3-AA4A-4F69-A620-33A22E977A2A}.Release|Any CPU.Build.0 = Release|Any CPU
		{28E49955-3BAB-48B7-B3E3-6833E27BB57C}.Debug|Any CPU.ActiveCfg = Debug|Any CPU
		{28E49955-3BAB-48B7-B3E3-6833E27BB57C}.Debug|Any CPU.Build.0 = Debug|Any CPU
		{28E49955-3BAB-48B7-B3E3-6833E27BB57C}.Release|Any CPU.ActiveCfg = Release|Any CPU
		{28E49955-3BAB-48B7-B3E3-6833E27BB57C}.Release|Any CPU.Build.0 = Release|Any CPU
	EndGlobalSection
	GlobalSection(SolutionProperties) = preSolution
		HideSolutionNode = FALSE
	EndGlobalSection
	GlobalSection(ExtensibilityGlobals) = postSolution
		SolutionGuid = {52FA02EB-775F-46F5-8C76-0F4FA02BB858}
	EndGlobalSection
EndGlobal
